// !$*UTF8*$!
{
	archiveVersion = 1;
	classes = {
	};
	objectVersion = 55;
	objects = {

/* Begin PBXBuildFile section */
		D8F99394277B30E4007FEA05 /* AppDelegate.swift in Sources */ = {isa = PBXBuildFile; fileRef = D8F99393277B30E4007FEA05 /* AppDelegate.swift */; };
		D8F99396277B30E4007FEA05 /* SceneDelegate.swift in Sources */ = {isa = PBXBuildFile; fileRef = D8F99395277B30E4007FEA05 /* SceneDelegate.swift */; };
		D8F99398277B30E4007FEA05 /* ViewController.swift in Sources */ = {isa = PBXBuildFile; fileRef = D8F99397277B30E4007FEA05 /* ViewController.swift */; };
		D8F9939B277B30E4007FEA05 /* Main.storyboard in Resources */ = {isa = PBXBuildFile; fileRef = D8F99399277B30E4007FEA05 /* Main.storyboard */; };
		D8F9939E277B30E4007FEA05 /* getPeopletrt.xcdatamodeld in Sources */ = {isa = PBXBuildFile; fileRef = D8F9939C277B30E4007FEA05 /* getPeopletrt.xcdatamodeld */; };
		D8F993A0277B30EA007FEA05 /* Assets.xcassets in Resources */ = {isa = PBXBuildFile; fileRef = D8F9939F277B30EA007FEA05 /* Assets.xcassets */; };
		D8F993A3277B30EA007FEA05 /* LaunchScreen.storyboard in Resources */ = {isa = PBXBuildFile; fileRef = D8F993A1277B30EA007FEA05 /* LaunchScreen.storyboard */; };
		D8F993AE277B30EA007FEA05 /* getPeopletrtTests.swift in Sources */ = {isa = PBXBuildFile; fileRef = D8F993AD277B30EA007FEA05 /* getPeopletrtTests.swift */; };
		D8F993B8277B30EA007FEA05 /* getPeopletrtUITests.swift in Sources */ = {isa = PBXBuildFile; fileRef = D8F993B7277B30EA007FEA05 /* getPeopletrtUITests.swift */; };
		D8F993BA277B30EB007FEA05 /* getPeopletrtUITestsLaunchTests.swift in Sources */ = {isa = PBXBuildFile; fileRef = D8F993B9277B30EB007FEA05 /* getPeopletrtUITestsLaunchTests.swift */; };
		D8F993C7277B3844007FEA05 /* FilmsViewController.swift in Sources */ = {isa = PBXBuildFile; fileRef = D8F993C6277B3844007FEA05 /* FilmsViewController.swift */; };
		D8F993C9277B3CB6007FEA05 /* StarWarsModel.swift in Sources */ = {isa = PBXBuildFile; fileRef = D8F993C8277B3CB6007FEA05 /* StarWarsModel.swift */; };
		D8F993CB277B8853007FEA05 /* PeopleDetailsViewController.swift in Sources */ = {isa = PBXBuildFile; fileRef = D8F993CA277B8853007FEA05 /* PeopleDetailsViewController.swift */; };
		D8F993CD277B8865007FEA05 /* FilmsDestailsViewController.swift in Sources */ = {isa = PBXBuildFile; fileRef = D8F993CC277B8865007FEA05 /* FilmsDestailsViewController.swift */; };
/* End PBXBuildFile section */

/* Begin PBXContainerItemProxy section */
		D8F993AA277B30EA007FEA05 /* PBXContainerItemProxy */ = {
			isa = PBXContainerItemProxy;
			containerPortal = D8F99388277B30E4007FEA05 /* Project object */;
			proxyType = 1;
			remoteGlobalIDString = D8F9938F277B30E4007FEA05;
			remoteInfo = getPeopletrt;
		};
		D8F993B4277B30EA007FEA05 /* PBXContainerItemProxy */ = {
			isa = PBXContainerItemProxy;
			containerPortal = D8F99388277B30E4007FEA05 /* Project object */;
			proxyType = 1;
			remoteGlobalIDString = D8F9938F277B30E4007FEA05;
			remoteInfo = getPeopletrt;
		};
/* End PBXContainerItemProxy section */

/* Begin PBXFileReference section */
		D8F99390277B30E4007FEA05 /* getPeopletrt.app */ = {isa = PBXFileReference; explicitFileType = wrapper.application; includeInIndex = 0; path = getPeopletrt.app; sourceTree = BUILT_PRODUCTS_DIR; };
		D8F99393277B30E4007FEA05 /* AppDelegate.swift */ = {isa = PBXFileReference; lastKnownFileType = sourcecode.swift; path = AppDelegate.swift; sourceTree = "<group>"; };
		D8F99395277B30E4007FEA05 /* SceneDelegate.swift */ = {isa = PBXFileReference; lastKnownFileType = sourcecode.swift; path = SceneDelegate.swift; sourceTree = "<group>"; };
		D8F99397277B30E4007FEA05 /* ViewController.swift */ = {isa = PBXFileReference; lastKnownFileType = sourcecode.swift; path = ViewController.swift; sourceTree = "<group>"; };
		D8F9939A277B30E4007FEA05 /* Base */ = {isa = PBXFileReference; lastKnownFileType = file.storyboard; name = Base; path = Base.lproj/Main.storyboard; sourceTree = "<group>"; };
		D8F9939D277B30E4007FEA05 /* getPeopletrt.xcdatamodel */ = {isa = PBXFileReference; lastKnownFileType = wrapper.xcdatamodel; path = getPeopletrt.xcdatamodel; sourceTree = "<group>"; };
		D8F9939F277B30EA007FEA05 /* Assets.xcassets */ = {isa = PBXFileReference; lastKnownFileType = folder.assetcatalog; path = Assets.xcassets; sourceTree = "<group>"; };
		D8F993A2277B30EA007FEA05 /* Base */ = {isa = PBXFileReference; lastKnownFileType = file.storyboard; name = Base; path = Base.lproj/LaunchScreen.storyboard; sourceTree = "<group>"; };
		D8F993A4277B30EA007FEA05 /* Info.plist */ = {isa = PBXFileReference; lastKnownFileType = text.plist.xml; path = Info.plist; sourceTree = "<group>"; };
		D8F993A9277B30EA007FEA05 /* getPeopletrtTests.xctest */ = {isa = PBXFileReference; explicitFileType = wrapper.cfbundle; includeInIndex = 0; path = getPeopletrtTests.xctest; sourceTree = BUILT_PRODUCTS_DIR; };
		D8F993AD277B30EA007FEA05 /* getPeopletrtTests.swift */ = {isa = PBXFileReference; lastKnownFileType = sourcecode.swift; path = getPeopletrtTests.swift; sourceTree = "<group>"; };
		D8F993B3277B30EA007FEA05 /* getPeopletrtUITests.xctest */ = {isa = PBXFileReference; explicitFileType = wrapper.cfbundle; includeInIndex = 0; path = getPeopletrtUITests.xctest; sourceTree = BUILT_PRODUCTS_DIR; };
		D8F993B7277B30EA007FEA05 /* getPeopletrtUITests.swift */ = {isa = PBXFileReference; lastKnownFileType = sourcecode.swift; path = getPeopletrtUITests.swift; sourceTree = "<group>"; };
		D8F993B9277B30EB007FEA05 /* getPeopletrtUITestsLaunchTests.swift */ = {isa = PBXFileReference; lastKnownFileType = sourcecode.swift; path = getPeopletrtUITestsLaunchTests.swift; sourceTree = "<group>"; };
		D8F993C6277B3844007FEA05 /* FilmsViewController.swift */ = {isa = PBXFileReference; lastKnownFileType = sourcecode.swift; path = FilmsViewController.swift; sourceTree = "<group>"; };
		D8F993C8277B3CB6007FEA05 /* StarWarsModel.swift */ = {isa = PBXFileReference; lastKnownFileType = sourcecode.swift; path = StarWarsModel.swift; sourceTree = "<group>"; };
		D8F993CA277B8853007FEA05 /* PeopleDetailsViewController.swift */ = {isa = PBXFileReference; lastKnownFileType = sourcecode.swift; path = PeopleDetailsViewController.swift; sourceTree = "<group>"; };
		D8F993CC277B8865007FEA05 /* FilmsDestailsViewController.swift */ = {isa = PBXFileReference; lastKnownFileType = sourcecode.swift; path = FilmsDestailsViewController.swift; sourceTree = "<group>"; };
/* End PBXFileReference section */

/* Begin PBXFrameworksBuildPhase section */
		D8F9938D277B30E4007FEA05 /* Frameworks */ = {
			isa = PBXFrameworksBuildPhase;
			buildActionMask = 2147483647;
			files = (
			);
			runOnlyForDeploymentPostprocessing = 0;
		};
		D8F993A6277B30EA007FEA05 /* Frameworks */ = {
			isa = PBXFrameworksBuildPhase;
			buildActionMask = 2147483647;
			files = (
			);
			runOnlyForDeploymentPostprocessing = 0;
		};
		D8F993B0277B30EA007FEA05 /* Frameworks */ = {
			isa = PBXFrameworksBuildPhase;
			buildActionMask = 2147483647;
			files = (
			);
			runOnlyForDeploymentPostprocessing = 0;
		};
/* End PBXFrameworksBuildPhase section */

/* Begin PBXGroup section */
		D8F99387277B30E4007FEA05 = {
			isa = PBXGroup;
			children = (
				D8F99392277B30E4007FEA05 /* getPeopletrt */,
				D8F993AC277B30EA007FEA05 /* getPeopletrtTests */,
				D8F993B6277B30EA007FEA05 /* getPeopletrtUITests */,
				D8F99391277B30E4007FEA05 /* Products */,
			);
			sourceTree = "<group>";
		};
		D8F99391277B30E4007FEA05 /* Products */ = {
			isa = PBXGroup;
			children = (
				D8F99390277B30E4007FEA05 /* getPeopletrt.app */,
				D8F993A9277B30EA007FEA05 /* getPeopletrtTests.xctest */,
				D8F993B3277B30EA007FEA05 /* getPeopletrtUITests.xctest */,
			);
			name = Products;
			sourceTree = "<group>";
		};
		D8F99392277B30E4007FEA05 /* getPeopletrt */ = {
			isa = PBXGroup;
			children = (
				D8F99393277B30E4007FEA05 /* AppDelegate.swift */,
				D8F99395277B30E4007FEA05 /* SceneDelegate.swift */,
				D8F993CA277B8853007FEA05 /* PeopleDetailsViewController.swift */,
				D8F99397277B30E4007FEA05 /* ViewController.swift */,
				D8F993C6277B3844007FEA05 /* FilmsViewController.swift */,
				D8F993CC277B8865007FEA05 /* FilmsDestailsViewController.swift */,
				D8F99399277B30E4007FEA05 /* Main.storyboard */,
				D8F9939F277B30EA007FEA05 /* Assets.xcassets */,
				D8F993A1277B30EA007FEA05 /* LaunchScreen.storyboard */,
				D8F993A4277B30EA007FEA05 /* Info.plist */,
				D8F9939C277B30E4007FEA05 /* getPeopletrt.xcdatamodeld */,
				D8F993C8277B3CB6007FEA05 /* StarWarsModel.swift */,
			);
			path = getPeopletrt;
			sourceTree = "<group>";
		};
		D8F993AC277B30EA007FEA05 /* getPeopletrtTests */ = {
			isa = PBXGroup;
			children = (
				D8F993AD277B30EA007FEA05 /* getPeopletrtTests.swift */,
			);
			path = getPeopletrtTests;
			sourceTree = "<group>";
		};
		D8F993B6277B30EA007FEA05 /* getPeopletrtUITests */ = {
			isa = PBXGroup;
			children = (
				D8F993B7277B30EA007FEA05 /* getPeopletrtUITests.swift */,
				D8F993B9277B30EB007FEA05 /* getPeopletrtUITestsLaunchTests.swift */,
			);
			path = getPeopletrtUITests;
			sourceTree = "<group>";
		};
/* End PBXGroup section */

/* Begin PBXNativeTarget section */
		D8F9938F277B30E4007FEA05 /* getPeopletrt */ = {
			isa = PBXNativeTarget;
			buildConfigurationList = D8F993BD277B30EB007FEA05 /* Build configuration list for PBXNativeTarget "getPeopletrt" */;
			buildPhases = (
				D8F9938C277B30E4007FEA05 /* Sources */,
				D8F9938D277B30E4007FEA05 /* Frameworks */,
				D8F9938E277B30E4007FEA05 /* Resources */,
			);
			buildRules = (
			);
			dependencies = (
			);
			name = getPeopletrt;
			productName = getPeopletrt;
			productReference = D8F99390277B30E4007FEA05 /* getPeopletrt.app */;
			productType = "com.apple.product-type.application";
		};
		D8F993A8277B30EA007FEA05 /* getPeopletrtTests */ = {
			isa = PBXNativeTarget;
			buildConfigurationList = D8F993C0277B30EB007FEA05 /* Build configuration list for PBXNativeTarget "getPeopletrtTests" */;
			buildPhases = (
				D8F993A5277B30EA007FEA05 /* Sources */,
				D8F993A6277B30EA007FEA05 /* Frameworks */,
				D8F993A7277B30EA007FEA05 /* Resources */,
			);
			buildRules = (
			);
			dependencies = (
				D8F993AB277B30EA007FEA05 /* PBXTargetDependency */,
			);
			name = getPeopletrtTests;
			productName = getPeopletrtTests;
			productReference = D8F993A9277B30EA007FEA05 /* getPeopletrtTests.xctest */;
			productType = "com.apple.product-type.bundle.unit-test";
		};
		D8F993B2277B30EA007FEA05 /* getPeopletrtUITests */ = {
			isa = PBXNativeTarget;
			buildConfigurationList = D8F993C3277B30EB007FEA05 /* Build configuration list for PBXNativeTarget "getPeopletrtUITests" */;
			buildPhases = (
				D8F993AF277B30EA007FEA05 /* Sources */,
				D8F993B0277B30EA007FEA05 /* Frameworks */,
				D8F993B1277B30EA007FEA05 /* Resources */,
			);
			buildRules = (
			);
			dependencies = (
				D8F993B5277B30EA007FEA05 /* PBXTargetDependency */,
			);
			name = getPeopletrtUITests;
			productName = getPeopletrtUITests;
			productReference = D8F993B3277B30EA007FEA05 /* getPeopletrtUITests.xctest */;
			productType = "com.apple.product-type.bundle.ui-testing";
		};
/* End PBXNativeTarget section */

/* Begin PBXProject section */
		D8F99388277B30E4007FEA05 /* Project object */ = {
			isa = PBXProject;
			attributes = {
				BuildIndependentTargetsInParallel = 1;
				LastSwiftUpdateCheck = 1310;
				LastUpgradeCheck = 1310;
				TargetAttributes = {
					D8F9938F277B30E4007FEA05 = {
						CreatedOnToolsVersion = 13.1;
					};
					D8F993A8277B30EA007FEA05 = {
						CreatedOnToolsVersion = 13.1;
						TestTargetID = D8F9938F277B30E4007FEA05;
					};
					D8F993B2277B30EA007FEA05 = {
						CreatedOnToolsVersion = 13.1;
						TestTargetID = D8F9938F277B30E4007FEA05;
					};
				};
			};
			buildConfigurationList = D8F9938B277B30E4007FEA05 /* Build configuration list for PBXProject "getPeopletrt" */;
			compatibilityVersion = "Xcode 13.0";
			developmentRegion = en;
			hasScannedForEncodings = 0;
			knownRegions = (
				en,
				Base,
			);
			mainGroup = D8F99387277B30E4007FEA05;
			productRefGroup = D8F99391277B30E4007FEA05 /* Products */;
			projectDirPath = "";
			projectRoot = "";
			targets = (
				D8F9938F277B30E4007FEA05 /* getPeopletrt */,
				D8F993A8277B30EA007FEA05 /* getPeopletrtTests */,
				D8F993B2277B30EA007FEA05 /* getPeopletrtUITests */,
			);
		};
/* End PBXProject section */

/* Begin PBXResourcesBuildPhase section */
		D8F9938E277B30E4007FEA05 /* Resources */ = {
			isa = PBXResourcesBuildPhase;
			buildActionMask = 2147483647;
			files = (
				D8F993A3277B30EA007FEA05 /* LaunchScreen.storyboard in Resources */,
				D8F993A0277B30EA007FEA05 /* Assets.xcassets in Resources */,
				D8F9939B277B30E4007FEA05 /* Main.storyboard in Resources */,
			);
			runOnlyForDeploymentPostprocessing = 0;
		};
		D8F993A7277B30EA007FEA05 /* Resources */ = {
			isa = PBXResourcesBuildPhase;
			buildActionMask = 2147483647;
			files = (
			);
			runOnlyForDeploymentPostprocessing = 0;
		};
		D8F993B1277B30EA007FEA05 /* Resources */ = {
			isa = PBXResourcesBuildPhase;
			buildActionMask = 2147483647;
			files = (
			);
			runOnlyForDeploymentPostprocessing = 0;
		};
/* End PBXResourcesBuildPhase section */

/* Begin PBXSourcesBuildPhase section */
		D8F9938C277B30E4007FEA05 /* Sources */ = {
			isa = PBXSourcesBuildPhase;
			buildActionMask = 2147483647;
			files = (
				D8F9939E277B30E4007FEA05 /* getPeopletrt.xcdatamodeld in Sources */,
				D8F99398277B30E4007FEA05 /* ViewController.swift in Sources */,
				D8F993C7277B3844007FEA05 /* FilmsViewController.swift in Sources */,
				D8F99394277B30E4007FEA05 /* AppDelegate.swift in Sources */,
				D8F993CB277B8853007FEA05 /* PeopleDetailsViewController.swift in Sources */,
				D8F993CD277B8865007FEA05 /* FilmsDestailsViewController.swift in Sources */,
				D8F993C9277B3CB6007FEA05 /* StarWarsModel.swift in Sources */,
				D8F99396277B30E4007FEA05 /* SceneDelegate.swift in Sources */,
			);
			runOnlyForDeploymentPostprocessing = 0;
		};
		D8F993A5277B30EA007FEA05 /* Sources */ = {
			isa = PBXSourcesBuildPhase;
			buildActionMask = 2147483647;
			files = (
				D8F993AE277B30EA007FEA05 /* getPeopletrtTests.swift in Sources */,
			);
			runOnlyForDeploymentPostprocessing = 0;
		};
		D8F993AF277B30EA007FEA05 /* Sources */ = {
			isa = PBXSourcesBuildPhase;
			buildActionMask = 2147483647;
			files = (
				D8F993B8277B30EA007FEA05 /* getPeopletrtUITests.swift in Sources */,
				D8F993BA277B30EB007FEA05 /* getPeopletrtUITestsLaunchTests.swift in Sources */,
			);
			runOnlyForDeploymentPostprocessing = 0;
		};
/* End PBXSourcesBuildPhase section */

/* Begin PBXTargetDependency section */
		D8F993AB277B30EA007FEA05 /* PBXTargetDependency */ = {
			isa = PBXTargetDependency;
			target = D8F9938F277B30E4007FEA05 /* getPeopletrt */;
			targetProxy = D8F993AA277B30EA007FEA05 /* PBXContainerItemProxy */;
		};
		D8F993B5277B30EA007FEA05 /* PBXTargetDependency */ = {
			isa = PBXTargetDependency;
			target = D8F9938F277B30E4007FEA05 /* getPeopletrt */;
			targetProxy = D8F993B4277B30EA007FEA05 /* PBXContainerItemProxy */;
		};
/* End PBXTargetDependency section */

/* Begin PBXVariantGroup section */
		D8F99399277B30E4007FEA05 /* Main.storyboard */ = {
			isa = PBXVariantGroup;
			children = (
				D8F9939A277B30E4007FEA05 /* Base */,
			);
			name = Main.storyboard;
			sourceTree = "<group>";
		};
		D8F993A1277B30EA007FEA05 /* LaunchScreen.storyboard */ = {
			isa = PBXVariantGroup;
			children = (
				D8F993A2277B30EA007FEA05 /* Base */,
			);
			name = LaunchScreen.storyboard;
			sourceTree = "<group>";
		};
/* End PBXVariantGroup section */

/* Begin XCBuildConfiguration section */
		D8F993BB277B30EB007FEA05 /* Debug */ = {
			isa = XCBuildConfiguration;
			buildSettings = {
				ALWAYS_SEARCH_USER_PATHS = NO;
				CLANG_ANALYZER_NONNULL = YES;
				CLANG_ANALYZER_NUMBER_OBJECT_CONVERSION = YES_AGGRESSIVE;
				CLANG_CXX_LANGUAGE_STANDARD = "gnu++17";
				CLANG_CXX_LIBRARY = "libc++";
				CLANG_ENABLE_MODULES = YES;
				CLANG_ENABLE_OBJC_ARC = YES;
				CLANG_ENABLE_OBJC_WEAK = YES;
				CLANG_WARN_BLOCK_CAPTURE_AUTORELEASING = YES;
				CLANG_WARN_BOOL_CONVERSION = YES;
				CLANG_WARN_COMMA = YES;
				CLANG_WARN_CONSTANT_CONVERSION = YES;
				CLANG_WARN_DEPRECATED_OBJC_IMPLEMENTATIONS = YES;
				CLANG_WARN_DIRECT_OBJC_ISA_USAGE = YES_ERROR;
				CLANG_WARN_DOCUMENTATION_COMMENTS = YES;
				CLANG_WARN_EMPTY_BODY = YES;
				CLANG_WARN_ENUM_CONVERSION = YES;
				CLANG_WARN_INFINITE_RECURSION = YES;
				CLANG_WARN_INT_CONVERSION = YES;
				CLANG_WARN_NON_LITERAL_NULL_CONVERSION = YES;
				CLANG_WARN_OBJC_IMPLICIT_RETAIN_SELF = YES;
				CLANG_WARN_OBJC_LITERAL_CONVERSION = YES;
				CLANG_WARN_OBJC_ROOT_CLASS = YES_ERROR;
				CLANG_WARN_QUOTED_INCLUDE_IN_FRAMEWORK_HEADER = YES;
				CLANG_WARN_RANGE_LOOP_ANALYSIS = YES;
				CLANG_WARN_STRICT_PROTOTYPES = YES;
				CLANG_WARN_SUSPICIOUS_MOVE = YES;
				CLANG_WARN_UNGUARDED_AVAILABILITY = YES_AGGRESSIVE;
				CLANG_WARN_UNREACHABLE_CODE = YES;
				CLANG_WARN__DUPLICATE_METHOD_MATCH = YES;
				COPY_PHASE_STRIP = NO;
				DEBUG_INFORMATION_FORMAT = dwarf;
				ENABLE_STRICT_OBJC_MSGSEND = YES;
				ENABLE_TESTABILITY = YES;
				GCC_C_LANGUAGE_STANDARD = gnu11;
				GCC_DYNAMIC_NO_PIC = NO;
				GCC_NO_COMMON_BLOCKS = YES;
				GCC_OPTIMIZATION_LEVEL = 0;
				GCC_PREPROCESSOR_DEFINITIONS = (
					"DEBUG=1",
					"$(inherited)",
				);
				GCC_WARN_64_TO_32_BIT_CONVERSION = YES;
				GCC_WARN_ABOUT_RETURN_TYPE = YES_ERROR;
				GCC_WARN_UNDECLARED_SELECTOR = YES;
				GCC_WARN_UNINITIALIZED_AUTOS = YES_AGGRESSIVE;
				GCC_WARN_UNUSED_FUNCTION = YES;
				GCC_WARN_UNUSED_VARIABLE = YES;
				IPHONEOS_DEPLOYMENT_TARGET = 15.0;
				MTL_ENABLE_DEBUG_INFO = INCLUDE_SOURCE;
				MTL_FAST_MATH = YES;
				ONLY_ACTIVE_ARCH = YES;
				SDKROOT = iphoneos;
				SWIFT_ACTIVE_COMPILATION_CONDITIONS = DEBUG;
				SWIFT_OPTIMIZATION_LEVEL = "-Onone";
			};
			name = Debug;
		};
		D8F993BC277B30EB007FEA05 /* Release */ = {
			isa = XCBuildConfiguration;
			buildSettings = {
				ALWAYS_SEARCH_USER_PATHS = NO;
				CLANG_ANALYZER_NONNULL = YES;
				CLANG_ANALYZER_NUMBER_OBJECT_CONVERSION = YES_AGGRESSIVE;
				CLANG_CXX_LANGUAGE_STANDARD = "gnu++17";
				CLANG_CXX_LIBRARY = "libc++";
				CLANG_ENABLE_MODULES = YES;
				CLANG_ENABLE_OBJC_ARC = YES;
				CLANG_ENABLE_OBJC_WEAK = YES;
				CLANG_WARN_BLOCK_CAPTURE_AUTORELEASING = YES;
				CLANG_WARN_BOOL_CONVERSION = YES;
				CLANG_WARN_COMMA = YES;
				CLANG_WARN_CONSTANT_CONVERSION = YES;
				CLANG_WARN_DEPRECATED_OBJC_IMPLEMENTATIONS = YES;
				CLANG_WARN_DIRECT_OBJC_ISA_USAGE = YES_ERROR;
				CLANG_WARN_DOCUMENTATION_COMMENTS = YES;
				CLANG_WARN_EMPTY_BODY = YES;
				CLANG_WARN_ENUM_CONVERSION = YES;
				CLANG_WARN_INFINITE_RECURSION = YES;
				CLANG_WARN_INT_CONVERSION = YES;
				CLANG_WARN_NON_LITERAL_NULL_CONVERSION = YES;
				CLANG_WARN_OBJC_IMPLICIT_RETAIN_SELF = YES;
				CLANG_WARN_OBJC_LITERAL_CONVERSION = YES;
				CLANG_WARN_OBJC_ROOT_CLASS = YES_ERROR;
				CLANG_WARN_QUOTED_INCLUDE_IN_FRAMEWORK_HEADER = YES;
				CLANG_WARN_RANGE_LOOP_ANALYSIS = YES;
				CLANG_WARN_STRICT_PROTOTYPES = YES;
				CLANG_WARN_SUSPICIOUS_MOVE = YES;
				CLANG_WARN_UNGUARDED_AVAILABILITY = YES_AGGRESSIVE;
				CLANG_WARN_UNREACHABLE_CODE = YES;
				CLANG_WARN__DUPLICATE_METHOD_MATCH = YES;
				COPY_PHASE_STRIP = NO;
				DEBUG_INFORMATION_FORMAT = "dwarf-with-dsym";
				ENABLE_NS_ASSERTIONS = NO;
				ENABLE_STRICT_OBJC_MSGSEND = YES;
				GCC_C_LANGUAGE_STANDARD = gnu11;
				GCC_NO_COMMON_BLOCKS = YES;
				GCC_WARN_64_TO_32_BIT_CONVERSION = YES;
				GCC_WARN_ABOUT_RETURN_TYPE = YES_ERROR;
				GCC_WARN_UNDECLARED_SELECTOR = YES;
				GCC_WARN_UNINITIALIZED_AUTOS = YES_AGGRESSIVE;
				GCC_WARN_UNUSED_FUNCTION = YES;
				GCC_WARN_UNUSED_VARIABLE = YES;
				IPHONEOS_DEPLOYMENT_TARGET = 15.0;
				MTL_ENABLE_DEBUG_INFO = NO;
				MTL_FAST_MATH = YES;
				SDKROOT = iphoneos;
				SWIFT_COMPILATION_MODE = wholemodule;
				SWIFT_OPTIMIZATION_LEVEL = "-O";
				VALIDATE_PRODUCT = YES;
			};
			name = Release;
		};
		D8F993BE277B30EB007FEA05 /* Debug */ = {
			isa = XCBuildConfiguration;
			buildSettings = {
				ASSETCATALOG_COMPILER_APPICON_NAME = AppIcon;
				ASSETCATALOG_COMPILER_GLOBAL_ACCENT_COLOR_NAME = AccentColor;
				CODE_SIGN_STYLE = Automatic;
				CURRENT_PROJECT_VERSION = 1;
				GENERATE_INFOPLIST_FILE = YES;
				INFOPLIST_FILE = getPeopletrt/Info.plist;
				INFOPLIST_KEY_UIApplicationSupportsIndirectInputEvents = YES;
				INFOPLIST_KEY_UILaunchStoryboardName = LaunchScreen;
				INFOPLIST_KEY_UIMainStoryboardFile = Main;
				INFOPLIST_KEY_UISupportedInterfaceOrientations_iPad = "UIInterfaceOrientationPortrait UIInterfaceOrientationPortraitUpsideDown UIInterfaceOrientationLandscapeLeft UIInterfaceOrientationLandscapeRight";
				INFOPLIST_KEY_UISupportedInterfaceOrientations_iPhone = "UIInterfaceOrientationPortrait UIInterfaceOrientationLandscapeLeft UIInterfaceOrientationLandscapeRight";
				LD_RUNPATH_SEARCH_PATHS = (
					"$(inherited)",
					"@executable_path/Frameworks",
				);
				MARKETING_VERSION = 1.0;
				PRODUCT_BUNDLE_IDENTIFIER = com.tarooti.getPeopletrt;
				PRODUCT_NAME = "$(TARGET_NAME)";
				SWIFT_EMIT_LOC_STRINGS = YES;
				SWIFT_VERSION = 5.0;
				TARGETED_DEVICE_FAMILY = "1,2";
			};
			name = Debug;
		};
		D8F993BF277B30EB007FEA05 /* Release */ = {
			isa = XCBuildConfiguration;
			buildSettings = {
				ASSETCATALOG_COMPILER_APPICON_NAME = AppIcon;
				ASSETCATALOG_COMPILER_GLOBAL_ACCENT_COLOR_NAME = AccentColor;
				CODE_SIGN_STYLE = Automatic;
				CURRENT_PROJECT_VERSION = 1;
				GENERATE_INFOPLIST_FILE = YES;
				INFOPLIST_FILE = getPeopletrt/Info.plist;
				INFOPLIST_KEY_UIApplicationSupportsIndirectInputEvents = YES;
				INFOPLIST_KEY_UILaunchStoryboardName = LaunchScreen;
				INFOPLIST_KEY_UIMainStoryboardFile = Main;
				INFOPLIST_KEY_UISupportedInterfaceOrientations_iPad = "UIInterfaceOrientationPortrait UIInterfaceOrientationPortraitUpsideDown UIInterfaceOrientationLandscapeLeft UIInterfaceOrientationLandscapeRight";
				INFOPLIST_KEY_UISupportedInterfaceOrientations_iPhone = "UIInterfaceOrientationPortrait UIInterfaceOrientationLandscapeLeft UIInterfaceOrientationLandscapeRight";
				LD_RUNPATH_SEARCH_PATHS = (
					"$(inherited)",
					"@executable_path/Frameworks",
				);
				MARKETING_VERSION = 1.0;
				PRODUCT_BUNDLE_IDENTIFIER = com.tarooti.getPeopletrt;
				PRODUCT_NAME = "$(TARGET_NAME)";
				SWIFT_EMIT_LOC_STRINGS = YES;
				SWIFT_VERSION = 5.0;
				TARGETED_DEVICE_FAMILY = "1,2";
			};
			name = Release;
		};
		D8F993C1277B30EB007FEA05 /* Debug */ = {
			isa = XCBuildConfiguration;
			buildSettings = {
				ALWAYS_EMBED_SWIFT_STANDARD_LIBRARIES = YES;
				BUNDLE_LOADER = "$(TEST_HOST)";
				CODE_SIGN_STYLE = Automatic;
				CURRENT_PROJECT_VERSION = 1;
				GENERATE_INFOPLIST_FILE = YES;
				IPHONEOS_DEPLOYMENT_TARGET = 15.0;
				LD_RUNPATH_SEARCH_PATHS = (
					"$(inherited)",
					"@executable_path/Frameworks",
					"@loader_path/Frameworks",
				);
				MARKETING_VERSION = 1.0;
				PRODUCT_BUNDLE_IDENTIFIER = com.tarooti.getPeopletrtTests;
				PRODUCT_NAME = "$(TARGET_NAME)";
				SWIFT_EMIT_LOC_STRINGS = NO;
				SWIFT_VERSION = 5.0;
				TARGETED_DEVICE_FAMILY = "1,2";
				TEST_HOST = "$(BUILT_PRODUCTS_DIR)/getPeopletrt.app/getPeopletrt";
			};
			name = Debug;
		};
		D8F993C2277B30EB007FEA05 /* Release */ = {
			isa = XCBuildConfiguration;
			buildSettings = {
				ALWAYS_EMBED_SWIFT_STANDARD_LIBRARIES = YES;
				BUNDLE_LOADER = "$(TEST_HOST)";
				CODE_SIGN_STYLE = Automatic;
				CURRENT_PROJECT_VERSION = 1;
				GENERATE_INFOPLIST_FILE = YES;
				IPHONEOS_DEPLOYMENT_TARGET = 15.0;
				LD_RUNPATH_SEARCH_PATHS = (
					"$(inherited)",
					"@executable_path/Frameworks",
					"@loader_path/Frameworks",
				);
				MARKETING_VERSION = 1.0;
				PRODUCT_BUNDLE_IDENTIFIER = com.tarooti.getPeopletrtTests;
				PRODUCT_NAME = "$(TARGET_NAME)";
				SWIFT_EMIT_LOC_STRINGS = NO;
				SWIFT_VERSION = 5.0;
				TARGETED_DEVICE_FAMILY = "1,2";
				TEST_HOST = "$(BUILT_PRODUCTS_DIR)/getPeopletrt.app/getPeopletrt";
			};
			name = Release;
		};
		D8F993C4277B30EB007FEA05 /* Debug */ = {
			isa = XCBuildConfiguration;
			buildSettings = {
				ALWAYS_EMBED_SWIFT_STANDARD_LIBRARIES = YES;
				CODE_SIGN_STYLE = Automatic;
				CURRENT_PROJECT_VERSION = 1;
				GENERATE_INFOPLIST_FILE = YES;
				LD_RUNPATH_SEARCH_PATHS = (
					"$(inherited)",
					"@executable_path/Frameworks",
					"@loader_path/Frameworks",
				);
				MARKETING_VERSION = 1.0;
				PRODUCT_BUNDLE_IDENTIFIER = com.tarooti.getPeopletrtUITests;
				PRODUCT_NAME = "$(TARGET_NAME)";
				SWIFT_EMIT_LOC_STRINGS = NO;
				SWIFT_VERSION = 5.0;
				TARGETED_DEVICE_FAMILY = "1,2";
				TEST_TARGET_NAME = getPeopletrt;
			};
			name = Debug;
		};
		D8F993C5277B30EB007FEA05 /* Release */ = {
			isa = XCBuildConfiguration;
			buildSettings = {
				ALWAYS_EMBED_SWIFT_STANDARD_LIBRARIES = YES;
				CODE_SIGN_STYLE = Automatic;
				CURRENT_PROJECT_VERSION = 1;
				GENERATE_INFOPLIST_FILE = YES;
				LD_RUNPATH_SEARCH_PATHS = (
					"$(inherited)",
					"@executable_path/Frameworks",
					"@loader_path/Frameworks",
				);
				MARKETING_VERSION = 1.0;
				PRODUCT_BUNDLE_IDENTIFIER = com.tarooti.getPeopletrtUITests;
				PRODUCT_NAME = "$(TARGET_NAME)";
				SWIFT_EMIT_LOC_STRINGS = NO;
				SWIFT_VERSION = 5.0;
				TARGETED_DEVICE_FAMILY = "1,2";
				TEST_TARGET_NAME = getPeopletrt;
			};
			name = Release;
		};
/* End XCBuildConfiguration section */

/* Begin XCConfigurationList section */
		D8F9938B277B30E4007FEA05 /* Build configuration list for PBXProject "getPeopletrt" */ = {
			isa = XCConfigurationList;
			buildConfigurations = (
				D8F993BB277B30EB007FEA05 /* Debug */,
				D8F993BC277B30EB007FEA05 /* Release */,
			);
			defaultConfigurationIsVisible = 0;
			defaultConfigurationName = Release;
		};
		D8F993BD277B30EB007FEA05 /* Build configuration list for PBXNativeTarget "getPeopletrt" */ = {
			isa = XCConfigurationList;
			buildConfigurations = (
				D8F993BE277B30EB007FEA05 /* Debug */,
				D8F993BF277B30EB007FEA05 /* Release */,
			);
			defaultConfigurationIsVisible = 0;
			defaultConfigurationName = Release;
		};
		D8F993C0277B30EB007FEA05 /* Build configuration list for PBXNativeTarget "getPeopletrtTests" */ = {
			isa = XCConfigurationList;
			buildConfigurations = (
				D8F993C1277B30EB007FEA05 /* Debug */,
				D8F993C2277B30EB007FEA05 /* Release */,
			);
			defaultConfigurationIsVisible = 0;
			defaultConfigurationName = Release;
		};
		D8F993C3277B30EB007FEA05 /* Build configuration list for PBXNativeTarget "getPeopletrtUITests" */ = {
			isa = XCConfigurationList;
			buildConfigurations = (
				D8F993C4277B30EB007FEA05 /* Debug */,
				D8F993C5277B30EB007FEA05 /* Release */,
			);
			defaultConfigurationIsVisible = 0;
			defaultConfigurationName = Release;
		};
/* End XCConfigurationList section */

/* Begin XCVersionGroup section */
		D8F9939C277B30E4007FEA05 /* getPeopletrt.xcdatamodeld */ = {
			isa = XCVersionGroup;
			children = (
				D8F9939D277B30E4007FEA05 /* getPeopletrt.xcdatamodel */,
			);
			currentVersion = D8F9939D277B30E4007FEA05 /* getPeopletrt.xcdatamodel */;
			path = getPeopletrt.xcdatamodeld;
			sourceTree = "<group>";
			versionGroupType = wrapper.xcdatamodel;
		};
/* End XCVersionGroup section */
	};
	rootObject = D8F99388277B30E4007FEA05 /* Project object */;
}
